// !$*UTF8*$!
{
	archiveVersion = 1;
	classes = {
	};
	objectVersion = 50;
	objects = {

/* Begin PBXBuildFile section */
		46BE78952116C22400529876 /* main.swift in Sources */ = {isa = PBXBuildFile; fileRef = 46BE788C2116C15800529876 /* main.swift */; };
		ACFC818F2CD1573800D95F4E /* Challenge_359.swift in Sources */ = {isa = PBXBuildFile; fileRef = ACFC817A2CD1573600D95F4E /* Challenge_359.swift */; };
		ACFC81902CD1573800D95F4E /* Challenge_949.swift in Sources */ = {isa = PBXBuildFile; fileRef = ACFC817B2CD1573600D95F4E /* Challenge_949.swift */; };
		ACFC81912CD1573800D95F4E /* Challenge_362.swift in Sources */ = {isa = PBXBuildFile; fileRef = ACFC817C2CD1573600D95F4E /* Challenge_362.swift */; };
		ACFC81922CD1573800D95F4E /* Challenge_70.swift in Sources */ = {isa = PBXBuildFile; fileRef = ACFC817D2CD1573600D95F4E /* Challenge_70.swift */; };
		ACFC81932CD1573800D95F4E /* Challenge_1813.swift in Sources */ = {isa = PBXBuildFile; fileRef = ACFC817E2CD1573600D95F4E /* Challenge_1813.swift */; };
		ACFC81942CD1573800D95F4E /* Challenge_567.swift in Sources */ = {isa = PBXBuildFile; fileRef = ACFC817F2CD1573600D95F4E /* Challenge_567.swift */; };
		ACFC81952CD1573800D95F4E /* Challenge_3304.swift in Sources */ = {isa = PBXBuildFile; fileRef = ACFC81802CD1573700D95F4E /* Challenge_3304.swift */; };
		ACFC81962CD1573800D95F4E /* Challenge_984.swift in Sources */ = {isa = PBXBuildFile; fileRef = ACFC81812CD1573700D95F4E /* Challenge_984.swift */; };
		ACFC81972CD1573800D95F4E /* Challenge_2423.swift in Sources */ = {isa = PBXBuildFile; fileRef = ACFC81822CD1573700D95F4E /* Challenge_2423.swift */; };
		ACFC81982CD1573800D95F4E /* Challenge_2240.swift in Sources */ = {isa = PBXBuildFile; fileRef = ACFC81832CD1573700D95F4E /* Challenge_2240.swift */; };
		ACFC81992CD1573800D95F4E /* Challenge_985.swift in Sources */ = {isa = PBXBuildFile; fileRef = ACFC81842CD1573700D95F4E /* Challenge_985.swift */; };
		ACFC819A2CD1573800D95F4E /* Challenge_965.swift in Sources */ = {isa = PBXBuildFile; fileRef = ACFC81852CD1573700D95F4E /* Challenge_965.swift */; };
		ACFC819B2CD1573800D95F4E /* Challenge_695.swift in Sources */ = {isa = PBXBuildFile; fileRef = ACFC81862CD1573700D95F4E /* Challenge_695.swift */; };
		ACFC819C2CD1573800D95F4E /* Challenge_973.swift in Sources */ = {isa = PBXBuildFile; fileRef = ACFC81872CD1573700D95F4E /* Challenge_973.swift */; };
		ACFC819D2CD1573800D95F4E /* Challenge_976.swift in Sources */ = {isa = PBXBuildFile; fileRef = ACFC81882CD1573700D95F4E /* Challenge_976.swift */; };
		ACFC819E2CD1573800D95F4E /* Challenge_200.swift in Sources */ = {isa = PBXBuildFile; fileRef = ACFC81892CD1573700D95F4E /* Challenge_200.swift */; };
		ACFC819F2CD1573800D95F4E /* Challenge_509.swift in Sources */ = {isa = PBXBuildFile; fileRef = ACFC818A2CD1573700D95F4E /* Challenge_509.swift */; };
		ACFC81A02CD1573800D95F4E /* Challenge_885.swift in Sources */ = {isa = PBXBuildFile; fileRef = ACFC818B2CD1573800D95F4E /* Challenge_885.swift */; };
		ACFC81A12CD1573800D95F4E /* Challenge_1137.swift in Sources */ = {isa = PBXBuildFile; fileRef = ACFC818C2CD1573800D95F4E /* Challenge_1137.swift */; };
		ACFC81A22CD1573800D95F4E /* Challenge_970.swift in Sources */ = {isa = PBXBuildFile; fileRef = ACFC818D2CD1573800D95F4E /* Challenge_970.swift */; };
		ACFC81A32CD1573800D95F4E /* Challenge_2591.swift in Sources */ = {isa = PBXBuildFile; fileRef = ACFC818E2CD1573800D95F4E /* Challenge_2591.swift */; };
		ACFC81A82CD1574800D95F4E /* TwoDimensionalMatrix.swift in Sources */ = {isa = PBXBuildFile; fileRef = ACFC81A42CD1574700D95F4E /* TwoDimensionalMatrix.swift */; };
		ACFC81A92CD1574800D95F4E /* TreeNode.swift in Sources */ = {isa = PBXBuildFile; fileRef = ACFC81A52CD1574700D95F4E /* TreeNode.swift */; };
		ACFC81AA2CD1574800D95F4E /* Heap.swift in Sources */ = {isa = PBXBuildFile; fileRef = ACFC81A62CD1574700D95F4E /* Heap.swift */; };
		ACFC81AB2CD1574800D95F4E /* StringProtocol+LeetCode.swift in Sources */ = {isa = PBXBuildFile; fileRef = ACFC81A72CD1574700D95F4E /* StringProtocol+LeetCode.swift */; };
		ACFC81AE2CD1586300D95F4E /* Challenge_127.swift in Sources */ = {isa = PBXBuildFile; fileRef = ACFC81AD2CD1586300D95F4E /* Challenge_127.swift */; };
/* End PBXBuildFile section */

/* Begin PBXCopyFilesBuildPhase section */
		46BE78872116C15700529876 /* CopyFiles */ = {
			isa = PBXCopyFilesBuildPhase;
			buildActionMask = 2147483647;
			dstPath = /usr/share/man/man1/;
			dstSubfolderSpec = 0;
			files = (
			);
			runOnlyForDeploymentPostprocessing = 1;
		};
/* End PBXCopyFilesBuildPhase section */

/* Begin PBXFileReference section */
		46BE78892116C15800529876 /* LeetCodeSolutions */ = {isa = PBXFileReference; explicitFileType = "compiled.mach-o.executable"; includeInIndex = 0; path = LeetCodeSolutions; sourceTree = BUILT_PRODUCTS_DIR; };
		46BE788C2116C15800529876 /* main.swift */ = {isa = PBXFileReference; lastKnownFileType = sourcecode.swift; path = main.swift; sourceTree = "<group>"; };
		ACFC81722CD156F000D95F4E /* LeetCodeSolutionTests.xctest */ = {isa = PBXFileReference; explicitFileType = wrapper.cfbundle; includeInIndex = 0; path = LeetCodeSolutionTests.xctest; sourceTree = BUILT_PRODUCTS_DIR; };
		ACFC817A2CD1573600D95F4E /* Challenge_359.swift */ = {isa = PBXFileReference; fileEncoding = 4; lastKnownFileType = sourcecode.swift; path = Challenge_359.swift; sourceTree = "<group>"; };
		ACFC817B2CD1573600D95F4E /* Challenge_949.swift */ = {isa = PBXFileReference; fileEncoding = 4; lastKnownFileType = sourcecode.swift; path = Challenge_949.swift; sourceTree = "<group>"; };
		ACFC817C2CD1573600D95F4E /* Challenge_362.swift */ = {isa = PBXFileReference; fileEncoding = 4; lastKnownFileType = sourcecode.swift; path = Challenge_362.swift; sourceTree = "<group>"; };
		ACFC817D2CD1573600D95F4E /* Challenge_70.swift */ = {isa = PBXFileReference; fileEncoding = 4; lastKnownFileType = sourcecode.swift; path = Challenge_70.swift; sourceTree = "<group>"; };
		ACFC817E2CD1573600D95F4E /* Challenge_1813.swift */ = {isa = PBXFileReference; fileEncoding = 4; lastKnownFileType = sourcecode.swift; path = Challenge_1813.swift; sourceTree = "<group>"; };
		ACFC817F2CD1573600D95F4E /* Challenge_567.swift */ = {isa = PBXFileReference; fileEncoding = 4; lastKnownFileType = sourcecode.swift; path = Challenge_567.swift; sourceTree = "<group>"; };
		ACFC81802CD1573700D95F4E /* Challenge_3304.swift */ = {isa = PBXFileReference; fileEncoding = 4; lastKnownFileType = sourcecode.swift; path = Challenge_3304.swift; sourceTree = "<group>"; };
		ACFC81812CD1573700D95F4E /* Challenge_984.swift */ = {isa = PBXFileReference; fileEncoding = 4; lastKnownFileType = sourcecode.swift; path = Challenge_984.swift; sourceTree = "<group>"; };
		ACFC81822CD1573700D95F4E /* Challenge_2423.swift */ = {isa = PBXFileReference; fileEncoding = 4; lastKnownFileType = sourcecode.swift; path = Challenge_2423.swift; sourceTree = "<group>"; };
		ACFC81832CD1573700D95F4E /* Challenge_2240.swift */ = {isa = PBXFileReference; fileEncoding = 4; lastKnownFileType = sourcecode.swift; path = Challenge_2240.swift; sourceTree = "<group>"; };
		ACFC81842CD1573700D95F4E /* Challenge_985.swift */ = {isa = PBXFileReference; fileEncoding = 4; lastKnownFileType = sourcecode.swift; path = Challenge_985.swift; sourceTree = "<group>"; };
		ACFC81852CD1573700D95F4E /* Challenge_965.swift */ = {isa = PBXFileReference; fileEncoding = 4; lastKnownFileType = sourcecode.swift; path = Challenge_965.swift; sourceTree = "<group>"; };
		ACFC81862CD1573700D95F4E /* Challenge_695.swift */ = {isa = PBXFileReference; fileEncoding = 4; lastKnownFileType = sourcecode.swift; path = Challenge_695.swift; sourceTree = "<group>"; };
		ACFC81872CD1573700D95F4E /* Challenge_973.swift */ = {isa = PBXFileReference; fileEncoding = 4; lastKnownFileType = sourcecode.swift; path = Challenge_973.swift; sourceTree = "<group>"; };
		ACFC81882CD1573700D95F4E /* Challenge_976.swift */ = {isa = PBXFileReference; fileEncoding = 4; lastKnownFileType = sourcecode.swift; path = Challenge_976.swift; sourceTree = "<group>"; };
		ACFC81892CD1573700D95F4E /* Challenge_200.swift */ = {isa = PBXFileReference; fileEncoding = 4; lastKnownFileType = sourcecode.swift; path = Challenge_200.swift; sourceTree = "<group>"; };
		ACFC818A2CD1573700D95F4E /* Challenge_509.swift */ = {isa = PBXFileReference; fileEncoding = 4; lastKnownFileType = sourcecode.swift; path = Challenge_509.swift; sourceTree = "<group>"; };
		ACFC818B2CD1573800D95F4E /* Challenge_885.swift */ = {isa = PBXFileReference; fileEncoding = 4; lastKnownFileType = sourcecode.swift; path = Challenge_885.swift; sourceTree = "<group>"; };
		ACFC818C2CD1573800D95F4E /* Challenge_1137.swift */ = {isa = PBXFileReference; fileEncoding = 4; lastKnownFileType = sourcecode.swift; path = Challenge_1137.swift; sourceTree = "<group>"; };
		ACFC818D2CD1573800D95F4E /* Challenge_970.swift */ = {isa = PBXFileReference; fileEncoding = 4; lastKnownFileType = sourcecode.swift; path = Challenge_970.swift; sourceTree = "<group>"; };
		ACFC818E2CD1573800D95F4E /* Challenge_2591.swift */ = {isa = PBXFileReference; fileEncoding = 4; lastKnownFileType = sourcecode.swift; path = Challenge_2591.swift; sourceTree = "<group>"; };
		ACFC81A42CD1574700D95F4E /* TwoDimensionalMatrix.swift */ = {isa = PBXFileReference; fileEncoding = 4; lastKnownFileType = sourcecode.swift; path = TwoDimensionalMatrix.swift; sourceTree = "<group>"; };
		ACFC81A52CD1574700D95F4E /* TreeNode.swift */ = {isa = PBXFileReference; fileEncoding = 4; lastKnownFileType = sourcecode.swift; path = TreeNode.swift; sourceTree = "<group>"; };
		ACFC81A62CD1574700D95F4E /* Heap.swift */ = {isa = PBXFileReference; fileEncoding = 4; lastKnownFileType = sourcecode.swift; path = Heap.swift; sourceTree = "<group>"; };
		ACFC81A72CD1574700D95F4E /* StringProtocol+LeetCode.swift */ = {isa = PBXFileReference; fileEncoding = 4; lastKnownFileType = sourcecode.swift; path = "StringProtocol+LeetCode.swift"; sourceTree = "<group>"; };
		ACFC81AD2CD1586300D95F4E /* Challenge_127.swift */ = {isa = PBXFileReference; lastKnownFileType = sourcecode.swift; path = Challenge_127.swift; sourceTree = "<group>"; };
/* End PBXFileReference section */

/* Begin PBXFrameworksBuildPhase section */
		46BE78862116C15700529876 /* Frameworks */ = {
			isa = PBXFrameworksBuildPhase;
			buildActionMask = 2147483647;
			files = (
			);
			runOnlyForDeploymentPostprocessing = 0;
		};
		ACFC816F2CD156F000D95F4E /* Frameworks */ = {
			isa = PBXFrameworksBuildPhase;
			buildActionMask = 2147483647;
			files = (
			);
			runOnlyForDeploymentPostprocessing = 0;
		};
/* End PBXFrameworksBuildPhase section */

/* Begin PBXGroup section */
		46BE78802116C15700529876 = {
			isa = PBXGroup;
			children = (
				46BE788B2116C15800529876 /* LeetCodeSolutions */,
				ACFC81732CD156F000D95F4E /* LeetCodeSolutionTests */,
				46BE788A2116C15800529876 /* Products */,
			);
			sourceTree = "<group>";
		};
		46BE788A2116C15800529876 /* Products */ = {
			isa = PBXGroup;
			children = (
				46BE78892116C15800529876 /* LeetCodeSolutions */,
				ACFC81722CD156F000D95F4E /* LeetCodeSolutionTests.xctest */,
			);
			name = Products;
			sourceTree = "<group>";
		};
		46BE788B2116C15800529876 /* LeetCodeSolutions */ = {
			isa = PBXGroup;
			children = (
				46BE788C2116C15800529876 /* main.swift */,
			);
			path = LeetCodeSolutions;
			sourceTree = "<group>";
		};
		ACFC81732CD156F000D95F4E /* LeetCodeSolutionTests */ = {
			isa = PBXGroup;
			children = (
				ACFC81AC2CD1575000D95F4E /* Utilities */,
				ACFC817D2CD1573600D95F4E /* Challenge_70.swift */,
				ACFC81AD2CD1586300D95F4E /* Challenge_127.swift */,
				ACFC81892CD1573700D95F4E /* Challenge_200.swift */,
				ACFC817A2CD1573600D95F4E /* Challenge_359.swift */,
				ACFC817C2CD1573600D95F4E /* Challenge_362.swift */,
				ACFC818A2CD1573700D95F4E /* Challenge_509.swift */,
				ACFC817F2CD1573600D95F4E /* Challenge_567.swift */,
				ACFC81862CD1573700D95F4E /* Challenge_695.swift */,
				ACFC818B2CD1573800D95F4E /* Challenge_885.swift */,
				ACFC817B2CD1573600D95F4E /* Challenge_949.swift */,
				ACFC81852CD1573700D95F4E /* Challenge_965.swift */,
				ACFC818D2CD1573800D95F4E /* Challenge_970.swift */,
				ACFC81872CD1573700D95F4E /* Challenge_973.swift */,
				ACFC81882CD1573700D95F4E /* Challenge_976.swift */,
				ACFC81812CD1573700D95F4E /* Challenge_984.swift */,
				ACFC81842CD1573700D95F4E /* Challenge_985.swift */,
				ACFC818C2CD1573800D95F4E /* Challenge_1137.swift */,
				ACFC817E2CD1573600D95F4E /* Challenge_1813.swift */,
				ACFC81832CD1573700D95F4E /* Challenge_2240.swift */,
				ACFC81822CD1573700D95F4E /* Challenge_2423.swift */,
				ACFC818E2CD1573800D95F4E /* Challenge_2591.swift */,
				ACFC81802CD1573700D95F4E /* Challenge_3304.swift */,
			);
			path = LeetCodeSolutionTests;
			sourceTree = "<group>";
		};
		ACFC81AC2CD1575000D95F4E /* Utilities */ = {
			isa = PBXGroup;
			children = (
				ACFC81A62CD1574700D95F4E /* Heap.swift */,
				ACFC81A72CD1574700D95F4E /* StringProtocol+LeetCode.swift */,
				ACFC81A52CD1574700D95F4E /* TreeNode.swift */,
				ACFC81A42CD1574700D95F4E /* TwoDimensionalMatrix.swift */,
			);
			path = Utilities;
			sourceTree = "<group>";
		};
/* End PBXGroup section */

/* Begin PBXNativeTarget section */
		46BE78882116C15700529876 /* LeetCodeSolutions */ = {
			isa = PBXNativeTarget;
			buildConfigurationList = 46BE78902116C15800529876 /* Build configuration list for PBXNativeTarget "LeetCodeSolutions" */;
			buildPhases = (
				46BE78852116C15700529876 /* Sources */,
				46BE78862116C15700529876 /* Frameworks */,
				46BE78872116C15700529876 /* CopyFiles */,
			);
			buildRules = (
			);
			dependencies = (
			);
			name = LeetCodeSolutions;
			productName = LeetCodeSolutions;
			productReference = 46BE78892116C15800529876 /* LeetCodeSolutions */;
			productType = "com.apple.product-type.tool";
		};
		ACFC81712CD156F000D95F4E /* LeetCodeSolutionTests */ = {
			isa = PBXNativeTarget;
			buildConfigurationList = ACFC81762CD156F100D95F4E /* Build configuration list for PBXNativeTarget "LeetCodeSolutionTests" */;
			buildPhases = (
				ACFC816E2CD156F000D95F4E /* Sources */,
				ACFC816F2CD156F000D95F4E /* Frameworks */,
				ACFC81702CD156F000D95F4E /* Resources */,
			);
			buildRules = (
			);
			dependencies = (
			);
			name = LeetCodeSolutionTests;
			productName = LeetCodeSolutionTests;
			productReference = ACFC81722CD156F000D95F4E /* LeetCodeSolutionTests.xctest */;
			productType = "com.apple.product-type.bundle.unit-test";
		};
/* End PBXNativeTarget section */

/* Begin PBXProject section */
		46BE78812116C15700529876 /* Project object */ = {
			isa = PBXProject;
			attributes = {
				LastSwiftUpdateCheck = 1320;
				LastUpgradeCheck = 1410;
				ORGANIZATIONNAME = "Haoxin Li";
				TargetAttributes = {
					46BE78882116C15700529876 = {
						CreatedOnToolsVersion = 9.4;
						LastSwiftMigration = "";
					};
					ACFC81712CD156F000D95F4E = {
						CreatedOnToolsVersion = 13.2.1;
						LastSwiftMigration = 1320;
					};
				};
			};
			buildConfigurationList = 46BE78842116C15700529876 /* Build configuration list for PBXProject "LeetCodeSolutions" */;
			compatibilityVersion = "Xcode 9.3";
			developmentRegion = en;
			hasScannedForEncodings = 0;
			knownRegions = (
				en,
				Base,
			);
			mainGroup = 46BE78802116C15700529876;
			productRefGroup = 46BE788A2116C15800529876 /* Products */;
			projectDirPath = "";
			projectRoot = "";
			targets = (
				46BE78882116C15700529876 /* LeetCodeSolutions */,
				ACFC81712CD156F000D95F4E /* LeetCodeSolutionTests */,
			);
		};
/* End PBXProject section */

/* Begin PBXResourcesBuildPhase section */
		ACFC81702CD156F000D95F4E /* Resources */ = {
			isa = PBXResourcesBuildPhase;
			buildActionMask = 2147483647;
			files = (
			);
			runOnlyForDeploymentPostprocessing = 0;
		};
/* End PBXResourcesBuildPhase section */

/* Begin PBXSourcesBuildPhase section */
		46BE78852116C15700529876 /* Sources */ = {
			isa = PBXSourcesBuildPhase;
			buildActionMask = 2147483647;
			files = (
				46BE78952116C22400529876 /* main.swift in Sources */,
			);
			runOnlyForDeploymentPostprocessing = 0;
		};
		ACFC816E2CD156F000D95F4E /* Sources */ = {
			isa = PBXSourcesBuildPhase;
			buildActionMask = 2147483647;
			files = (
				ACFC81A22CD1573800D95F4E /* Challenge_970.swift in Sources */,
				ACFC81A12CD1573800D95F4E /* Challenge_1137.swift in Sources */,
				ACFC81932CD1573800D95F4E /* Challenge_1813.swift in Sources */,
				ACFC81AA2CD1574800D95F4E /* Heap.swift in Sources */,
				ACFC81912CD1573800D95F4E /* Challenge_362.swift in Sources */,
				ACFC81AB2CD1574800D95F4E /* StringProtocol+LeetCode.swift in Sources */,
				ACFC819E2CD1573800D95F4E /* Challenge_200.swift in Sources */,
				ACFC81992CD1573800D95F4E /* Challenge_985.swift in Sources */,
				ACFC81942CD1573800D95F4E /* Challenge_567.swift in Sources */,
				ACFC81A02CD1573800D95F4E /* Challenge_885.swift in Sources */,
				ACFC81A92CD1574800D95F4E /* TreeNode.swift in Sources */,
				ACFC81972CD1573800D95F4E /* Challenge_2423.swift in Sources */,
				ACFC819B2CD1573800D95F4E /* Challenge_695.swift in Sources */,
				ACFC81902CD1573800D95F4E /* Challenge_949.swift in Sources */,
				ACFC81A82CD1574800D95F4E /* TwoDimensionalMatrix.swift in Sources */,
				ACFC81922CD1573800D95F4E /* Challenge_70.swift in Sources */,
				ACFC819F2CD1573800D95F4E /* Challenge_509.swift in Sources */,
				ACFC81962CD1573800D95F4E /* Challenge_984.swift in Sources */,
				ACFC819C2CD1573800D95F4E /* Challenge_973.swift in Sources */,
				ACFC81A32CD1573800D95F4E /* Challenge_2591.swift in Sources */,
				ACFC819A2CD1573800D95F4E /* Challenge_965.swift in Sources */,
				ACFC81982CD1573800D95F4E /* Challenge_2240.swift in Sources */,
				ACFC81AE2CD1586300D95F4E /* Challenge_127.swift in Sources */,
				ACFC819D2CD1573800D95F4E /* Challenge_976.swift in Sources */,
				ACFC81952CD1573800D95F4E /* Challenge_3304.swift in Sources */,
				ACFC818F2CD1573800D95F4E /* Challenge_359.swift in Sources */,
			);
			runOnlyForDeploymentPostprocessing = 0;
		};
/* End PBXSourcesBuildPhase section */

/* Begin XCBuildConfiguration section */
		46BE788E2116C15800529876 /* Debug */ = {
			isa = XCBuildConfiguration;
			buildSettings = {
				ALWAYS_SEARCH_USER_PATHS = NO;
				CLANG_ANALYZER_NONNULL = YES;
				CLANG_ANALYZER_NUMBER_OBJECT_CONVERSION = YES_AGGRESSIVE;
				CLANG_CXX_LANGUAGE_STANDARD = "gnu++14";
				CLANG_CXX_LIBRARY = "libc++";
				CLANG_ENABLE_MODULES = YES;
				CLANG_ENABLE_OBJC_ARC = YES;
				CLANG_ENABLE_OBJC_WEAK = YES;
				CLANG_WARN_BLOCK_CAPTURE_AUTORELEASING = YES;
				CLANG_WARN_BOOL_CONVERSION = YES;
				CLANG_WARN_COMMA = YES;
				CLANG_WARN_CONSTANT_CONVERSION = YES;
				CLANG_WARN_DEPRECATED_OBJC_IMPLEMENTATIONS = YES;
				CLANG_WARN_DIRECT_OBJC_ISA_USAGE = YES_ERROR;
				CLANG_WARN_DOCUMENTATION_COMMENTS = YES;
				CLANG_WARN_EMPTY_BODY = YES;
				CLANG_WARN_ENUM_CONVERSION = YES;
				CLANG_WARN_INFINITE_RECURSION = YES;
				CLANG_WARN_INT_CONVERSION = YES;
				CLANG_WARN_NON_LITERAL_NULL_CONVERSION = YES;
				CLANG_WARN_OBJC_IMPLICIT_RETAIN_SELF = YES;
				CLANG_WARN_OBJC_LITERAL_CONVERSION = YES;
				CLANG_WARN_OBJC_ROOT_CLASS = YES_ERROR;
				CLANG_WARN_QUOTED_INCLUDE_IN_FRAMEWORK_HEADER = YES;
				CLANG_WARN_RANGE_LOOP_ANALYSIS = YES;
				CLANG_WARN_STRICT_PROTOTYPES = YES;
				CLANG_WARN_SUSPICIOUS_MOVE = YES;
				CLANG_WARN_UNGUARDED_AVAILABILITY = YES_AGGRESSIVE;
				CLANG_WARN_UNREACHABLE_CODE = YES;
				CLANG_WARN__DUPLICATE_METHOD_MATCH = YES;
				CODE_SIGN_IDENTITY = "Mac Developer";
				COPY_PHASE_STRIP = NO;
				DEAD_CODE_STRIPPING = YES;
				DEBUG_INFORMATION_FORMAT = dwarf;
				ENABLE_STRICT_OBJC_MSGSEND = YES;
				ENABLE_TESTABILITY = YES;
				GCC_C_LANGUAGE_STANDARD = gnu11;
				GCC_DYNAMIC_NO_PIC = NO;
				GCC_NO_COMMON_BLOCKS = YES;
				GCC_OPTIMIZATION_LEVEL = 0;
				GCC_PREPROCESSOR_DEFINITIONS = (
					"DEBUG=1",
					"$(inherited)",
				);
				GCC_WARN_64_TO_32_BIT_CONVERSION = YES;
				GCC_WARN_ABOUT_RETURN_TYPE = YES_ERROR;
				GCC_WARN_UNDECLARED_SELECTOR = YES;
				GCC_WARN_UNINITIALIZED_AUTOS = YES_AGGRESSIVE;
				GCC_WARN_UNUSED_FUNCTION = YES;
				GCC_WARN_UNUSED_VARIABLE = YES;
				MACOSX_DEPLOYMENT_TARGET = 11.5;
				MTL_ENABLE_DEBUG_INFO = YES;
				ONLY_ACTIVE_ARCH = YES;
				SDKROOT = macosx;
				SWIFT_ACTIVE_COMPILATION_CONDITIONS = DEBUG;
				SWIFT_OPTIMIZATION_LEVEL = "-Onone";
			};
			name = Debug;
		};
		46BE788F2116C15800529876 /* Release */ = {
			isa = XCBuildConfiguration;
			buildSettings = {
				ALWAYS_SEARCH_USER_PATHS = NO;
				CLANG_ANALYZER_NONNULL = YES;
				CLANG_ANALYZER_NUMBER_OBJECT_CONVERSION = YES_AGGRESSIVE;
				CLANG_CXX_LANGUAGE_STANDARD = "gnu++14";
				CLANG_CXX_LIBRARY = "libc++";
				CLANG_ENABLE_MODULES = YES;
				CLANG_ENABLE_OBJC_ARC = YES;
				CLANG_ENABLE_OBJC_WEAK = YES;
				CLANG_WARN_BLOCK_CAPTURE_AUTORELEASING = YES;
				CLANG_WARN_BOOL_CONVERSION = YES;
				CLANG_WARN_COMMA = YES;
				CLANG_WARN_CONSTANT_CONVERSION = YES;
				CLANG_WARN_DEPRECATED_OBJC_IMPLEMENTATIONS = YES;
				CLANG_WARN_DIRECT_OBJC_ISA_USAGE = YES_ERROR;
				CLANG_WARN_DOCUMENTATION_COMMENTS = YES;
				CLANG_WARN_EMPTY_BODY = YES;
				CLANG_WARN_ENUM_CONVERSION = YES;
				CLANG_WARN_INFINITE_RECURSION = YES;
				CLANG_WARN_INT_CONVERSION = YES;
				CLANG_WARN_NON_LITERAL_NULL_CONVERSION = YES;
				CLANG_WARN_OBJC_IMPLICIT_RETAIN_SELF = YES;
				CLANG_WARN_OBJC_LITERAL_CONVERSION = YES;
				CLANG_WARN_OBJC_ROOT_CLASS = YES_ERROR;
				CLANG_WARN_QUOTED_INCLUDE_IN_FRAMEWORK_HEADER = YES;
				CLANG_WARN_RANGE_LOOP_ANALYSIS = YES;
				CLANG_WARN_STRICT_PROTOTYPES = YES;
				CLANG_WARN_SUSPICIOUS_MOVE = YES;
				CLANG_WARN_UNGUARDED_AVAILABILITY = YES_AGGRESSIVE;
				CLANG_WARN_UNREACHABLE_CODE = YES;
				CLANG_WARN__DUPLICATE_METHOD_MATCH = YES;
				CODE_SIGN_IDENTITY = "Mac Developer";
				COPY_PHASE_STRIP = NO;
				DEAD_CODE_STRIPPING = YES;
				DEBUG_INFORMATION_FORMAT = "dwarf-with-dsym";
				ENABLE_NS_ASSERTIONS = NO;
				ENABLE_STRICT_OBJC_MSGSEND = YES;
				GCC_C_LANGUAGE_STANDARD = gnu11;
				GCC_NO_COMMON_BLOCKS = YES;
				GCC_WARN_64_TO_32_BIT_CONVERSION = YES;
				GCC_WARN_ABOUT_RETURN_TYPE = YES_ERROR;
				GCC_WARN_UNDECLARED_SELECTOR = YES;
				GCC_WARN_UNINITIALIZED_AUTOS = YES_AGGRESSIVE;
				GCC_WARN_UNUSED_FUNCTION = YES;
				GCC_WARN_UNUSED_VARIABLE = YES;
				MACOSX_DEPLOYMENT_TARGET = 11.5;
				MTL_ENABLE_DEBUG_INFO = NO;
				SDKROOT = macosx;
				SWIFT_COMPILATION_MODE = wholemodule;
				SWIFT_OPTIMIZATION_LEVEL = "-O";
			};
			name = Release;
		};
		46BE78912116C15800529876 /* Debug */ = {
			isa = XCBuildConfiguration;
			buildSettings = {
				CODE_SIGN_IDENTITY = "-";
				CODE_SIGN_STYLE = Automatic;
				DEAD_CODE_STRIPPING = YES;
				DEVELOPMENT_TEAM = 5RFZ63C7NL;
				MACOSX_DEPLOYMENT_TARGET = 11.5;
				PRODUCT_NAME = "$(TARGET_NAME)";
				SWIFT_VERSION = 5.0;
			};
			name = Debug;
		};
		46BE78922116C15800529876 /* Release */ = {
			isa = XCBuildConfiguration;
			buildSettings = {
				CODE_SIGN_IDENTITY = "-";
				CODE_SIGN_STYLE = Automatic;
				DEAD_CODE_STRIPPING = YES;
				DEVELOPMENT_TEAM = 5RFZ63C7NL;
				MACOSX_DEPLOYMENT_TARGET = 11.5;
				PRODUCT_NAME = "$(TARGET_NAME)";
				SWIFT_VERSION = 5.0;
			};
			name = Release;
		};
		ACFC81772CD156F100D95F4E /* Debug */ = {
			isa = XCBuildConfiguration;
			buildSettings = {
				CLANG_CXX_LANGUAGE_STANDARD = "gnu++17";
				CLANG_ENABLE_MODULES = YES;
				CODE_SIGN_STYLE = Automatic;
				CURRENT_PROJECT_VERSION = 1;
				DEVELOPMENT_TEAM = 5RFZ63C7NL;
				GENERATE_INFOPLIST_FILE = YES;
				LD_RUNPATH_SEARCH_PATHS = (
					"$(inherited)",
					"@executable_path/../Frameworks",
					"@loader_path/../Frameworks",
				);
				MACOSX_DEPLOYMENT_TARGET = 11.7;
				MARKETING_VERSION = 1.0;
				MTL_ENABLE_DEBUG_INFO = INCLUDE_SOURCE;
				MTL_FAST_MATH = YES;
				PRODUCT_BUNDLE_IDENTIFIER = com.haoxinli.LeetCodeSolutionTests;
				PRODUCT_NAME = "$(TARGET_NAME)";
				SWIFT_EMIT_LOC_STRINGS = NO;
				SWIFT_OBJC_BRIDGING_HEADER = "LeetCodeSolutionTests/LeetCodeSolutionTests-Bridging-Header.h";
				SWIFT_OPTIMIZATION_LEVEL = "-Onone";
				SWIFT_VERSION = 5.0;
			};
			name = Debug;
		};
		ACFC81782CD156F100D95F4E /* Release */ = {
			isa = XCBuildConfiguration;
			buildSettings = {
				CLANG_CXX_LANGUAGE_STANDARD = "gnu++17";
				CLANG_ENABLE_MODULES = YES;
				CODE_SIGN_STYLE = Automatic;
				CURRENT_PROJECT_VERSION = 1;
				DEVELOPMENT_TEAM = 5RFZ63C7NL;
				GENERATE_INFOPLIST_FILE = YES;
				LD_RUNPATH_SEARCH_PATHS = (
					"$(inherited)",
					"@executable_path/../Frameworks",
					"@loader_path/../Frameworks",
				);
				MACOSX_DEPLOYMENT_TARGET = 11.7;
				MARKETING_VERSION = 1.0;
				MTL_FAST_MATH = YES;
				PRODUCT_BUNDLE_IDENTIFIER = com.haoxinli.LeetCodeSolutionTests;
				PRODUCT_NAME = "$(TARGET_NAME)";
				SWIFT_EMIT_LOC_STRINGS = NO;
				SWIFT_OBJC_BRIDGING_HEADER = "LeetCodeSolutionTests/LeetCodeSolutionTests-Bridging-Header.h";
				SWIFT_VERSION = 5.0;
			};
			name = Release;
		};
/* End XCBuildConfiguration section */

/* Begin XCConfigurationList section */
		46BE78842116C15700529876 /* Build configuration list for PBXProject "LeetCodeSolutions" */ = {
			isa = XCConfigurationList;
			buildConfigurations = (
				46BE788E2116C15800529876 /* Debug */,
				46BE788F2116C15800529876 /* Release */,
			);
			defaultConfigurationIsVisible = 0;
			defaultConfigurationName = Release;
		};
		46BE78902116C15800529876 /* Build configuration list for PBXNativeTarget "LeetCodeSolutions" */ = {
			isa = XCConfigurationList;
			buildConfigurations = (
				46BE78912116C15800529876 /* Debug */,
				46BE78922116C15800529876 /* Release */,
			);
			defaultConfigurationIsVisible = 0;
			defaultConfigurationName = Release;
		};
		ACFC81762CD156F100D95F4E /* Build configuration list for PBXNativeTarget "LeetCodeSolutionTests" */ = {
			isa = XCConfigurationList;
			buildConfigurations = (
				ACFC81772CD156F100D95F4E /* Debug */,
				ACFC81782CD156F100D95F4E /* Release */,
			);
			defaultConfigurationIsVisible = 0;
			defaultConfigurationName = Release;
		};
/* End XCConfigurationList section */
	};
	rootObject = 46BE78812116C15700529876 /* Project object */;
}
